{
  "name": "pin-pum-hello",
  "version": "0.1.0",
  "lockfileVersion": 3,
  "requires": true,
  "packages": {
    "": {
      "name": "pin-pum-hello",
      "version": "0.1.0",
      "dependencies": {
        "@xai-official/sdk": "^0.2.1"
      },
      "engines": {
        "node": ">=22.13"
      }
    },
    "node_modules/@xai-official/sdk": {
      "version": "0.2.1",
      "resolved": "https://registry.npmjs.org/@xai-official/sdk/-/sdk-0.2.1.tgz",
      "integrity": "sha512-gMYbJNFMbbOyjPA3Vguyb3ub1gGeHYuumWuS4eCrzehiJX0VovwyHusDKFJ8ZLl801gZUZYVOjK6TxyltLaNCA==",
      "license": "Apache-2.0",
      "engines": {
        "node": ">=22.13.0"
      }
    }
  }
}
